// !$*UTF8*$!
{
	archiveVersion = 1;
	classes = {
	};
	objectVersion = 50;
	objects = {

/* Begin PBXBuildFile section */
		182461592302F43C0047B915 /* AddToDoViewController.swift in Sources */ = {isa = PBXBuildFile; fileRef = 182461582302F43C0047B915 /* AddToDoViewController.swift */; };
		18EE4E972301A4DD00EF8993 /* AppDelegate.swift in Sources */ = {isa = PBXBuildFile; fileRef = 18EE4E962301A4DD00EF8993 /* AppDelegate.swift */; };
		18EE4E9C2301A4DD00EF8993 /* Main.storyboard in Resources */ = {isa = PBXBuildFile; fileRef = 18EE4E9A2301A4DD00EF8993 /* Main.storyboard */; };
		18EE4E9F2301A4DD00EF8993 /* ToDoList_Day_6_.xcdatamodeld in Sources */ = {isa = PBXBuildFile; fileRef = 18EE4E9D2301A4DD00EF8993 /* ToDoList_Day_6_.xcdatamodeld */; };
		18EE4EA12301A4E000EF8993 /* Assets.xcassets in Resources */ = {isa = PBXBuildFile; fileRef = 18EE4EA02301A4E000EF8993 /* Assets.xcassets */; };
		18EE4EA42301A4E000EF8993 /* LaunchScreen.storyboard in Resources */ = {isa = PBXBuildFile; fileRef = 18EE4EA22301A4E000EF8993 /* LaunchScreen.storyboard */; };
		18EE4EAE2301AD7400EF8993 /* To Do TableViewController.swift in Sources */ = {isa = PBXBuildFile; fileRef = 18EE4EAD2301AD7400EF8993 /* To Do TableViewController.swift */; };
		18EE4EB02301ADFC00EF8993 /* ToDo.swift in Sources */ = {isa = PBXBuildFile; fileRef = 18EE4EAF2301ADFC00EF8993 /* ToDo.swift */; };
		18EE4EB22301DFF000EF8993 /* ToDoViewController.swift in Sources */ = {isa = PBXBuildFile; fileRef = 18EE4EB12301DFF000EF8993 /* ToDoViewController.swift */; };
/* End PBXBuildFile section */

/* Begin PBXFileReference section */
		182461582302F43C0047B915 /* AddToDoViewController.swift */ = {isa = PBXFileReference; lastKnownFileType = sourcecode.swift; path = AddToDoViewController.swift; sourceTree = "<group>"; };
		18EE4E932301A4DD00EF8993 /* ToDoList(Day 6).app */ = {isa = PBXFileReference; explicitFileType = wrapper.application; includeInIndex = 0; path = "ToDoList(Day 6).app"; sourceTree = BUILT_PRODUCTS_DIR; };
		18EE4E962301A4DD00EF8993 /* AppDelegate.swift */ = {isa = PBXFileReference; lastKnownFileType = sourcecode.swift; path = AppDelegate.swift; sourceTree = "<group>"; };
		18EE4E9B2301A4DD00EF8993 /* Base */ = {isa = PBXFileReference; lastKnownFileType = file.storyboard; name = Base; path = Base.lproj/Main.storyboard; sourceTree = "<group>"; };
		18EE4E9E2301A4DD00EF8993 /* ToDoList_Day_6_.xcdatamodel */ = {isa = PBXFileReference; lastKnownFileType = wrapper.xcdatamodel; path = ToDoList_Day_6_.xcdatamodel; sourceTree = "<group>"; };
		18EE4EA02301A4E000EF8993 /* Assets.xcassets */ = {isa = PBXFileReference; lastKnownFileType = folder.assetcatalog; path = Assets.xcassets; sourceTree = "<group>"; };
		18EE4EA32301A4E000EF8993 /* Base */ = {isa = PBXFileReference; lastKnownFileType = file.storyboard; name = Base; path = Base.lproj/LaunchScreen.storyboard; sourceTree = "<group>"; };
		18EE4EA52301A4E000EF8993 /* Info.plist */ = {isa = PBXFileReference; lastKnownFileType = text.plist.xml; path = Info.plist; sourceTree = "<group>"; };
		18EE4EAD2301AD7400EF8993 /* To Do TableViewController.swift */ = {isa = PBXFileReference; lastKnownFileType = sourcecode.swift; path = "To Do TableViewController.swift"; sourceTree = "<group>"; };
		18EE4EAF2301ADFC00EF8993 /* ToDo.swift */ = {isa = PBXFileReference; lastKnownFileType = sourcecode.swift; path = ToDo.swift; sourceTree = "<group>"; };
		18EE4EB12301DFF000EF8993 /* ToDoViewController.swift */ = {isa = PBXFileReference; lastKnownFileType = sourcecode.swift; path = ToDoViewController.swift; sourceTree = "<group>"; };
/* End PBXFileReference section */

/* Begin PBXFrameworksBuildPhase section */
		18EE4E902301A4DD00EF8993 /* Frameworks */ = {
			isa = PBXFrameworksBuildPhase;
			buildActionMask = 2147483647;
			files = (
			);
			runOnlyForDeploymentPostprocessing = 0;
		};
/* End PBXFrameworksBuildPhase section */

/* Begin PBXGroup section */
		18EE4E8A2301A4DD00EF8993 = {
			isa = PBXGroup;
			children = (
				18EE4EAD2301AD7400EF8993 /* To Do TableViewController.swift */,
				18EE4EAF2301ADFC00EF8993 /* ToDo.swift */,
				18EE4E952301A4DD00EF8993 /* ToDoList(Day 6) */,
				18EE4E942301A4DD00EF8993 /* Products */,
			);
			sourceTree = "<group>";
		};
		18EE4E942301A4DD00EF8993 /* Products */ = {
			isa = PBXGroup;
			children = (
				18EE4E932301A4DD00EF8993 /* ToDoList(Day 6).app */,
			);
			name = Products;
			sourceTree = "<group>";
		};
		18EE4E952301A4DD00EF8993 /* ToDoList(Day 6) */ = {
			isa = PBXGroup;
			children = (
				18EE4E962301A4DD00EF8993 /* AppDelegate.swift */,
				18EE4E9A2301A4DD00EF8993 /* Main.storyboard */,
				182461582302F43C0047B915 /* AddToDoViewController.swift */,
				18EE4EB12301DFF000EF8993 /* ToDoViewController.swift */,
				18EE4EA02301A4E000EF8993 /* Assets.xcassets */,
				18EE4EA22301A4E000EF8993 /* LaunchScreen.storyboard */,
				18EE4EA52301A4E000EF8993 /* Info.plist */,
				18EE4E9D2301A4DD00EF8993 /* ToDoList_Day_6_.xcdatamodeld */,
			);
			path = "ToDoList(Day 6)";
			sourceTree = "<group>";
		};
/* End PBXGroup section */

/* Begin PBXNativeTarget section */
		18EE4E922301A4DD00EF8993 /* ToDoList(Day 6) */ = {
			isa = PBXNativeTarget;
			buildConfigurationList = 18EE4EA82301A4E000EF8993 /* Build configuration list for PBXNativeTarget "ToDoList(Day 6)" */;
			buildPhases = (
				18EE4E8F2301A4DD00EF8993 /* Sources */,
				18EE4E902301A4DD00EF8993 /* Frameworks */,
				18EE4E912301A4DD00EF8993 /* Resources */,
			);
			buildRules = (
			);
			dependencies = (
			);
			name = "ToDoList(Day 6)";
			productName = "ToDoList(Day 6)";
			productReference = 18EE4E932301A4DD00EF8993 /* ToDoList(Day 6).app */;
			productType = "com.apple.product-type.application";
		};
/* End PBXNativeTarget section */

/* Begin PBXProject section */
		18EE4E8B2301A4DD00EF8993 /* Project object */ = {
			isa = PBXProject;
			attributes = {
				LastSwiftUpdateCheck = 1020;
				LastUpgradeCheck = 1020;
				ORGANIZATIONNAME = Apple;
				TargetAttributes = {
					18EE4E922301A4DD00EF8993 = {
						CreatedOnToolsVersion = 10.2.1;
					};
				};
			};
			buildConfigurationList = 18EE4E8E2301A4DD00EF8993 /* Build configuration list for PBXProject "ToDoList(Day 6)" */;
			compatibilityVersion = "Xcode 9.3";
			developmentRegion = en;
			hasScannedForEncodings = 0;
			knownRegions = (
				en,
				Base,
			);
			mainGroup = 18EE4E8A2301A4DD00EF8993;
			productRefGroup = 18EE4E942301A4DD00EF8993 /* Products */;
			projectDirPath = "";
			projectRoot = "";
			targets = (
				18EE4E922301A4DD00EF8993 /* ToDoList(Day 6) */,
			);
		};
/* End PBXProject section */

/* Begin PBXResourcesBuildPhase section */
		18EE4E912301A4DD00EF8993 /* Resources */ = {
			isa = PBXResourcesBuildPhase;
			buildActionMask = 2147483647;
			files = (
				18EE4EA42301A4E000EF8993 /* LaunchScreen.storyboard in Resources */,
				18EE4EA12301A4E000EF8993 /* Assets.xcassets in Resources */,
				18EE4E9C2301A4DD00EF8993 /* Main.storyboard in Resources */,
			);
			runOnlyForDeploymentPostprocessing = 0;
		};
/* End PBXResourcesBuildPhase section */

/* Begin PBXSourcesBuildPhase section */
		18EE4E8F2301A4DD00EF8993 /* Sources */ = {
			isa = PBXSourcesBuildPhase;
			buildActionMask = 2147483647;
			files = (
				18EE4EB22301DFF000EF8993 /* ToDoViewController.swift in Sources */,
				18EE4EAE2301AD7400EF8993 /* To Do TableViewController.swift in Sources */,
				18EE4E9F2301A4DD00EF8993 /* ToDoList_Day_6_.xcdatamodeld in Sources */,
				18EE4E972301A4DD00EF8993 /* AppDelegate.swift in Sources */,
				182461592302F43C0047B915 /* AddToDoViewController.swift in Sources */,
				18EE4EB02301ADFC00EF8993 /* ToDo.swift in Sources */,
			);
			runOnlyForDeploymentPostprocessing = 0;
		};
/* End PBXSourcesBuildPhase section */

/* Begin PBXVariantGroup section */
		18EE4E9A2301A4DD00EF8993 /* Main.storyboard */ = {
			isa = PBXVariantGroup;
			children = (
				18EE4E9B2301A4DD00EF8993 /* Base */,
			);
			name = Main.storyboard;
			sourceTree = "<group>";
		};
		18EE4EA22301A4E000EF8993 /* LaunchScreen.storyboard */ = {
			isa = PBXVariantGroup;
			children = (
				18EE4EA32301A4E000EF8993 /* Base */,
			);
			name = LaunchScreen.storyboard;
			sourceTree = "<group>";
		};
/* End PBXVariantGroup section */

/* Begin XCBuildConfiguration section */
		18EE4EA62301A4E000EF8993 /* Debug */ = {
			isa = XCBuildConfiguration;
			buildSettings = {
				ALWAYS_SEARCH_USER_PATHS = NO;
				CLANG_ANALYZER_NONNULL = YES;
				CLANG_ANALYZER_NUMBER_OBJECT_CONVERSION = YES_AGGRESSIVE;
				CLANG_CXX_LANGUAGE_STANDARD = "gnu++14";
				CLANG_CXX_LIBRARY = "libc++";
				CLANG_ENABLE_MODULES = YES;
				CLANG_ENABLE_OBJC_ARC = YES;
				CLANG_ENABLE_OBJC_WEAK = YES;
				CLANG_WARN_BLOCK_CAPTURE_AUTORELEASING = YES;
				CLANG_WARN_BOOL_CONVERSION = YES;
				CLANG_WARN_COMMA = YES;
				CLANG_WARN_CONSTANT_CONVERSION = YES;
				CLANG_WARN_DEPRECATED_OBJC_IMPLEMENTATIONS = YES;
				CLANG_WARN_DIRECT_OBJC_ISA_USAGE = YES_ERROR;
				CLANG_WARN_DOCUMENTATION_COMMENTS = YES;
				CLANG_WARN_EMPTY_BODY = YES;
				CLANG_WARN_ENUM_CONVERSION = YES;
				CLANG_WARN_INFINITE_RECURSION = YES;
				CLANG_WARN_INT_CONVERSION = YES;
				CLANG_WARN_NON_LITERAL_NULL_CONVERSION = YES;
				CLANG_WARN_OBJC_IMPLICIT_RETAIN_SELF = YES;
				CLANG_WARN_OBJC_LITERAL_CONVERSION = YES;
				CLANG_WARN_OBJC_ROOT_CLASS = YES_ERROR;
				CLANG_WARN_RANGE_LOOP_ANALYSIS = YES;
				CLANG_WARN_STRICT_PROTOTYPES = YES;
				CLANG_WARN_SUSPICIOUS_MOVE = YES;
				CLANG_WARN_UNGUARDED_AVAILABILITY = YES_AGGRESSIVE;
				CLANG_WARN_UNREACHABLE_CODE = YES;
				CLANG_WARN__DUPLICATE_METHOD_MATCH = YES;
				CODE_SIGN_IDENTITY = "iPhone Developer";
				COPY_PHASE_STRIP = NO;
				DEBUG_INFORMATION_FORMAT = dwarf;
				ENABLE_STRICT_OBJC_MSGSEND = YES;
				ENABLE_TESTABILITY = YES;
				GCC_C_LANGUAGE_STANDARD = gnu11;
				GCC_DYNAMIC_NO_PIC = NO;
				GCC_NO_COMMON_BLOCKS = YES;
				GCC_OPTIMIZATION_LEVEL = 0;
				GCC_PREPROCESSOR_DEFINITIONS = (
					"DEBUG=1",
					"$(inherited)",
				);
				GCC_WARN_64_TO_32_BIT_CONVERSION = YES;
				GCC_WARN_ABOUT_RETURN_TYPE = YES_ERROR;
				GCC_WARN_UNDECLARED_SELECTOR = YES;
				GCC_WARN_UNINITIALIZED_AUTOS = YES_AGGRESSIVE;
				GCC_WARN_UNUSED_FUNCTION = YES;
				GCC_WARN_UNUSED_VARIABLE = YES;
				IPHONEOS_DEPLOYMENT_TARGET = 12.2;
				MTL_ENABLE_DEBUG_INFO = INCLUDE_SOURCE;
				MTL_FAST_MATH = YES;
				ONLY_ACTIVE_ARCH = YES;
				SDKROOT = iphoneos;
				SWIFT_ACTIVE_COMPILATION_CONDITIONS = DEBUG;
				SWIFT_OPTIMIZATION_LEVEL = "-Onone";
			};
			name = Debug;
		};
		18EE4EA72301A4E000EF8993 /* Release */ = {
			isa = XCBuildConfiguration;
			buildSettings = {
				ALWAYS_SEARCH_USER_PATHS = NO;
				CLANG_ANALYZER_NONNULL = YES;
				CLANG_ANALYZER_NUMBER_OBJECT_CONVERSION = YES_AGGRESSIVE;
				CLANG_CXX_LANGUAGE_STANDARD = "gnu++14";
				CLANG_CXX_LIBRARY = "libc++";
				CLANG_ENABLE_MODULES = YES;
				CLANG_ENABLE_OBJC_ARC = YES;
				CLANG_ENABLE_OBJC_WEAK = YES;
				CLANG_WARN_BLOCK_CAPTURE_AUTORELEASING = YES;
				CLANG_WARN_BOOL_CONVERSION = YES;
				CLANG_WARN_COMMA = YES;
				CLANG_WARN_CONSTANT_CONVERSION = YES;
				CLANG_WARN_DEPRECATED_OBJC_IMPLEMENTATIONS = YES;
				CLANG_WARN_DIRECT_OBJC_ISA_USAGE = YES_ERROR;
				CLANG_WARN_DOCUMENTATION_COMMENTS = YES;
				CLANG_WARN_EMPTY_BODY = YES;
				CLANG_WARN_ENUM_CONVERSION = YES;
				CLANG_WARN_INFINITE_RECURSION = YES;
				CLANG_WARN_INT_CONVERSION = YES;
				CLANG_WARN_NON_LITERAL_NULL_CONVERSION = YES;
				CLANG_WARN_OBJC_IMPLICIT_RETAIN_SELF = YES;
				CLANG_WARN_OBJC_LITERAL_CONVERSION = YES;
				CLANG_WARN_OBJC_ROOT_CLASS = YES_ERROR;
				CLANG_WARN_RANGE_LOOP_ANALYSIS = YES;
				CLANG_WARN_STRICT_PROTOTYPES = YES;
				CLANG_WARN_SUSPICIOUS_MOVE = YES;
				CLANG_WARN_UNGUARDED_AVAILABILITY = YES_AGGRESSIVE;
				CLANG_WARN_UNREACHABLE_CODE = YES;
				CLANG_WARN__DUPLICATE_METHOD_MATCH = YES;
				CODE_SIGN_IDENTITY = "iPhone Developer";
				COPY_PHASE_STRIP = NO;
				DEBUG_INFORMATION_FORMAT = "dwarf-with-dsym";
				ENABLE_NS_ASSERTIONS = NO;
				ENABLE_STRICT_OBJC_MSGSEND = YES;
				GCC_C_LANGUAGE_STANDARD = gnu11;
				GCC_NO_COMMON_BLOCKS = YES;
				GCC_WARN_64_TO_32_BIT_CONVERSION = YES;
				GCC_WARN_ABOUT_RETURN_TYPE = YES_ERROR;
				GCC_WARN_UNDECLARED_SELECTOR = YES;
				GCC_WARN_UNINITIALIZED_AUTOS = YES_AGGRESSIVE;
				GCC_WARN_UNUSED_FUNCTION = YES;
				GCC_WARN_UNUSED_VARIABLE = YES;
				IPHONEOS_DEPLOYMENT_TARGET = 12.2;
				MTL_ENABLE_DEBUG_INFO = NO;
				MTL_FAST_MATH = YES;
				SDKROOT = iphoneos;
				SWIFT_COMPILATION_MODE = wholemodule;
				SWIFT_OPTIMIZATION_LEVEL = "-O";
				VALIDATE_PRODUCT = YES;
			};
			name = Release;
		};
		18EE4EA92301A4E000EF8993 /* Debug */ = {
			isa = XCBuildConfiguration;
			buildSettings = {
				ASSETCATALOG_COMPILER_APPICON_NAME = AppIcon;
				CODE_SIGN_STYLE = Automatic;
				DEVELOPMENT_TEAM = L7YV2GZ7FV;
				INFOPLIST_FILE = "ToDoList(Day 6)/Info.plist";
				LD_RUNPATH_SEARCH_PATHS = (
					"$(inherited)",
					"@executable_path/Frameworks",
				);
				PRODUCT_BUNDLE_IDENTIFIER = "Alexis.ToDoList-Day-6-";
				PRODUCT_NAME = "$(TARGET_NAME)";
				SWIFT_VERSION = 5.0;
				TARGETED_DEVICE_FAMILY = "1,2";
			};
			name = Debug;
		};
		18EE4EAA2301A4E000EF8993 /* Release */ = {
			isa = XCBuildConfiguration;
			buildSettings = {
				ASSETCATALOG_COMPILER_APPICON_NAME = AppIcon;
				CODE_SIGN_STYLE = Automatic;
				DEVELOPMENT_TEAM = L7YV2GZ7FV;
				INFOPLIST_FILE = "ToDoList(Day 6)/Info.plist";
				LD_RUNPATH_SEARCH_PATHS = (
					"$(inherited)",
					"@executable_path/Frameworks",
				);
				PRODUCT_BUNDLE_IDENTIFIER = "Alexis.ToDoList-Day-6-";
				PRODUCT_NAME = "$(TARGET_NAME)";
				SWIFT_VERSION = 5.0;
				TARGETED_DEVICE_FAMILY = "1,2";
			};
			name = Release;
		};
/* End XCBuildConfiguration section */

/* Begin XCConfigurationList section */
		18EE4E8E2301A4DD00EF8993 /* Build configuration list for PBXProject "ToDoList(Day 6)" */ = {
			isa = XCConfigurationList;
			buildConfigurations = (
				18EE4EA62301A4E000EF8993 /* Debug */,
				18EE4EA72301A4E000EF8993 /* Release */,
			);
			defaultConfigurationIsVisible = 0;
			defaultConfigurationName = Release;
		};
		18EE4EA82301A4E000EF8993 /* Build configuration list for PBXNativeTarget "ToDoList(Day 6)" */ = {
			isa = XCConfigurationList;
			buildConfigurations = (
				18EE4EA92301A4E000EF8993 /* Debug */,
				18EE4EAA2301A4E000EF8993 /* Release */,
			);
			defaultConfigurationIsVisible = 0;
			defaultConfigurationName = Release;
		};
/* End XCConfigurationList section */

/* Begin XCVersionGroup section */
		18EE4E9D2301A4DD00EF8993 /* ToDoList_Day_6_.xcdatamodeld */ = {
			isa = XCVersionGroup;
			children = (
				18EE4E9E2301A4DD00EF8993 /* ToDoList_Day_6_.xcdatamodel */,
			);
			currentVersion = 18EE4E9E2301A4DD00EF8993 /* ToDoList_Day_6_.xcdatamodel */;
			path = ToDoList_Day_6_.xcdatamodeld;
			sourceTree = "<group>";
			versionGroupType = wrapper.xcdatamodel;
		};
/* End XCVersionGroup section */
	};
	rootObject = 18EE4E8B2301A4DD00EF8993 /* Project object */;
}
